// !$*UTF8*$!
{
	archiveVersion = 1;
	classes = {
	};
	objectVersion = 46;
	objects = {

/* Begin PBXBuildFile section */
		D3825CE31CA5A78A00E01BB1 /* AppDelegate.swift in Sources */ = {isa = PBXBuildFile; fileRef = D3825CE21CA5A78A00E01BB1 /* AppDelegate.swift */; };
		D3825CE51CA5A78A00E01BB1 /* ViewController.swift in Sources */ = {isa = PBXBuildFile; fileRef = D3825CE41CA5A78A00E01BB1 /* ViewController.swift */; };
		D3825CE81CA5A78A00E01BB1 /* Main.storyboard in Resources */ = {isa = PBXBuildFile; fileRef = D3825CE61CA5A78A00E01BB1 /* Main.storyboard */; };
		D3825CEA1CA5A78A00E01BB1 /* Assets.xcassets in Resources */ = {isa = PBXBuildFile; fileRef = D3825CE91CA5A78A00E01BB1 /* Assets.xcassets */; };
		D3825CED1CA5A78A00E01BB1 /* LaunchScreen.storyboard in Resources */ = {isa = PBXBuildFile; fileRef = D3825CEB1CA5A78A00E01BB1 /* LaunchScreen.storyboard */; };
		D3825CF51CA5B65600E01BB1 /* DraggableImage.swift in Sources */ = {isa = PBXBuildFile; fileRef = D3825CF41CA5B65600E01BB1 /* DraggableImage.swift */; };
		D3825CF71CA5BB1400E01BB1 /* PetImage.swift in Sources */ = {isa = PBXBuildFile; fileRef = D3825CF61CA5BB1400E01BB1 /* PetImage.swift */; };
		D3825CF91CA60ED000E01BB1 /* cave-music.mp3 in Resources */ = {isa = PBXBuildFile; fileRef = D3825CF81CA60ED000E01BB1 /* cave-music.mp3 */; };
		D3825CFE1CA60EFC00E01BB1 /* bite.wav in Resources */ = {isa = PBXBuildFile; fileRef = D3825CFA1CA60EFC00E01BB1 /* bite.wav */; };
		D3825CFF1CA60EFC00E01BB1 /* miner_death.wav in Resources */ = {isa = PBXBuildFile; fileRef = D3825CFB1CA60EFC00E01BB1 /* miner_death.wav */; };
		D3825D001CA60EFC00E01BB1 /* heart.wav in Resources */ = {isa = PBXBuildFile; fileRef = D3825CFC1CA60EFC00E01BB1 /* heart.wav */; };
		D3825D011CA60EFC00E01BB1 /* skull.wav in Resources */ = {isa = PBXBuildFile; fileRef = D3825CFD1CA60EFC00E01BB1 /* skull.wav */; };
		D3825D041CA6119400E01BB1 /* whip.wav in Resources */ = {isa = PBXBuildFile; fileRef = D3825D031CA6119400E01BB1 /* whip.wav */; };
		D3825D061CA6193300E01BB1 /* GameViewController.swift in Sources */ = {isa = PBXBuildFile; fileRef = D3825D051CA6193300E01BB1 /* GameViewController.swift */; };
		D3B9D5761CA9A6FA0094ED50 /* rat_death.mp3 in Resources */ = {isa = PBXBuildFile; fileRef = D3B9D5751CA9A6FA0094ED50 /* rat_death.mp3 */; };
/* End PBXBuildFile section */

/* Begin PBXFileReference section */
		D3825CDF1CA5A78A00E01BB1 /* GigaPet.app */ = {isa = PBXFileReference; explicitFileType = wrapper.application; includeInIndex = 0; path = GigaPet.app; sourceTree = BUILT_PRODUCTS_DIR; };
		D3825CE21CA5A78A00E01BB1 /* AppDelegate.swift */ = {isa = PBXFileReference; lastKnownFileType = sourcecode.swift; path = AppDelegate.swift; sourceTree = "<group>"; };
		D3825CE41CA5A78A00E01BB1 /* ViewController.swift */ = {isa = PBXFileReference; lastKnownFileType = sourcecode.swift; path = ViewController.swift; sourceTree = "<group>"; };
		D3825CE71CA5A78A00E01BB1 /* Base */ = {isa = PBXFileReference; lastKnownFileType = file.storyboard; name = Base; path = Base.lproj/Main.storyboard; sourceTree = "<group>"; };
		D3825CE91CA5A78A00E01BB1 /* Assets.xcassets */ = {isa = PBXFileReference; lastKnownFileType = folder.assetcatalog; path = Assets.xcassets; sourceTree = "<group>"; };
		D3825CEC1CA5A78A00E01BB1 /* Base */ = {isa = PBXFileReference; lastKnownFileType = file.storyboard; name = Base; path = Base.lproj/LaunchScreen.storyboard; sourceTree = "<group>"; };
		D3825CEE1CA5A78A00E01BB1 /* Info.plist */ = {isa = PBXFileReference; lastKnownFileType = text.plist.xml; path = Info.plist; sourceTree = "<group>"; };
		D3825CF41CA5B65600E01BB1 /* DraggableImage.swift */ = {isa = PBXFileReference; fileEncoding = 4; lastKnownFileType = sourcecode.swift; path = DraggableImage.swift; sourceTree = "<group>"; };
		D3825CF61CA5BB1400E01BB1 /* PetImage.swift */ = {isa = PBXFileReference; fileEncoding = 4; lastKnownFileType = sourcecode.swift; path = PetImage.swift; sourceTree = "<group>"; };
		D3825CF81CA60ED000E01BB1 /* cave-music.mp3 */ = {isa = PBXFileReference; lastKnownFileType = audio.mp3; path = "cave-music.mp3"; sourceTree = "<group>"; };
		D3825CFA1CA60EFC00E01BB1 /* bite.wav */ = {isa = PBXFileReference; lastKnownFileType = audio.wav; path = bite.wav; sourceTree = "<group>"; };
		D3825CFB1CA60EFC00E01BB1 /* miner_death.wav */ = {isa = PBXFileReference; lastKnownFileType = audio.wav; path = miner_death.wav; sourceTree = "<group>"; };
		D3825CFC1CA60EFC00E01BB1 /* heart.wav */ = {isa = PBXFileReference; lastKnownFileType = audio.wav; path = heart.wav; sourceTree = "<group>"; };
		D3825CFD1CA60EFC00E01BB1 /* skull.wav */ = {isa = PBXFileReference; lastKnownFileType = audio.wav; path = skull.wav; sourceTree = "<group>"; };
		D3825D031CA6119400E01BB1 /* whip.wav */ = {isa = PBXFileReference; lastKnownFileType = audio.wav; path = whip.wav; sourceTree = "<group>"; };
		D3825D051CA6193300E01BB1 /* GameViewController.swift */ = {isa = PBXFileReference; fileEncoding = 4; lastKnownFileType = sourcecode.swift; path = GameViewController.swift; sourceTree = "<group>"; };
		D3B9D5751CA9A6FA0094ED50 /* rat_death.mp3 */ = {isa = PBXFileReference; lastKnownFileType = audio.mp3; path = rat_death.mp3; sourceTree = "<group>"; };
/* End PBXFileReference section */

/* Begin PBXFrameworksBuildPhase section */
		D3825CDC1CA5A78A00E01BB1 /* Frameworks */ = {
			isa = PBXFrameworksBuildPhase;
			buildActionMask = 2147483647;
			files = (
			);
			runOnlyForDeploymentPostprocessing = 0;
		};
/* End PBXFrameworksBuildPhase section */

/* Begin PBXGroup section */
		D3825CD61CA5A78A00E01BB1 = {
			isa = PBXGroup;
			children = (
				D3825CE11CA5A78A00E01BB1 /* GigaPet */,
				D3825CE01CA5A78A00E01BB1 /* Products */,
			);
			sourceTree = "<group>";
		};
		D3825CE01CA5A78A00E01BB1 /* Products */ = {
			isa = PBXGroup;
			children = (
				D3825CDF1CA5A78A00E01BB1 /* GigaPet.app */,
			);
			name = Products;
			sourceTree = "<group>";
		};
		D3825CE11CA5A78A00E01BB1 /* GigaPet */ = {
			isa = PBXGroup;
			children = (
				D3825D021CA60F0800E01BB1 /* Audio */,
				D3825CE21CA5A78A00E01BB1 /* AppDelegate.swift */,
				D3825CE41CA5A78A00E01BB1 /* ViewController.swift */,
				D3825CF41CA5B65600E01BB1 /* DraggableImage.swift */,
				D3825CF61CA5BB1400E01BB1 /* PetImage.swift */,
				D3825CE61CA5A78A00E01BB1 /* Main.storyboard */,
				D3825CE91CA5A78A00E01BB1 /* Assets.xcassets */,
				D3825CEB1CA5A78A00E01BB1 /* LaunchScreen.storyboard */,
				D3825CEE1CA5A78A00E01BB1 /* Info.plist */,
				D3825D051CA6193300E01BB1 /* GameViewController.swift */,
			);
			path = GigaPet;
			sourceTree = "<group>";
		};
		D3825D021CA60F0800E01BB1 /* Audio */ = {
			isa = PBXGroup;
			children = (
				D3B9D5751CA9A6FA0094ED50 /* rat_death.mp3 */,
				D3825CF81CA60ED000E01BB1 /* cave-music.mp3 */,
				D3825D031CA6119400E01BB1 /* whip.wav */,
				D3825CFA1CA60EFC00E01BB1 /* bite.wav */,
				D3825CFB1CA60EFC00E01BB1 /* miner_death.wav */,
				D3825CFC1CA60EFC00E01BB1 /* heart.wav */,
				D3825CFD1CA60EFC00E01BB1 /* skull.wav */,
			);
			name = Audio;
			path = ..;
			sourceTree = "<group>";
		};
/* End PBXGroup section */

/* Begin PBXNativeTarget section */
		D3825CDE1CA5A78A00E01BB1 /* GigaPet */ = {
			isa = PBXNativeTarget;
			buildConfigurationList = D3825CF11CA5A78A00E01BB1 /* Build configuration list for PBXNativeTarget "GigaPet" */;
			buildPhases = (
				D3825CDB1CA5A78A00E01BB1 /* Sources */,
				D3825CDC1CA5A78A00E01BB1 /* Frameworks */,
				D3825CDD1CA5A78A00E01BB1 /* Resources */,
			);
			buildRules = (
			);
			dependencies = (
			);
			name = GigaPet;
			productName = GigaPet;
			productReference = D3825CDF1CA5A78A00E01BB1 /* GigaPet.app */;
			productType = "com.apple.product-type.application";
		};
/* End PBXNativeTarget section */

/* Begin PBXProject section */
		D3825CD71CA5A78A00E01BB1 /* Project object */ = {
			isa = PBXProject;
			attributes = {
				LastSwiftUpdateCheck = 0730;
				LastUpgradeCheck = 0730;
				ORGANIZATIONNAME = "William L. Marr III";
				TargetAttributes = {
					D3825CDE1CA5A78A00E01BB1 = {
						CreatedOnToolsVersion = 7.3;
						DevelopmentTeam = 48DP5ENKMR;
					};
				};
			};
			buildConfigurationList = D3825CDA1CA5A78A00E01BB1 /* Build configuration list for PBXProject "GigaPet" */;
			compatibilityVersion = "Xcode 3.2";
			developmentRegion = English;
			hasScannedForEncodings = 0;
			knownRegions = (
				en,
				Base,
			);
			mainGroup = D3825CD61CA5A78A00E01BB1;
			productRefGroup = D3825CE01CA5A78A00E01BB1 /* Products */;
			projectDirPath = "";
			projectRoot = "";
			targets = (
				D3825CDE1CA5A78A00E01BB1 /* GigaPet */,
			);
		};
/* End PBXProject section */

/* Begin PBXResourcesBuildPhase section */
		D3825CDD1CA5A78A00E01BB1 /* Resources */ = {
			isa = PBXResourcesBuildPhase;
			buildActionMask = 2147483647;
			files = (
				D3825D011CA60EFC00E01BB1 /* skull.wav in Resources */,
				D3825CFE1CA60EFC00E01BB1 /* bite.wav in Resources */,
				D3825CFF1CA60EFC00E01BB1 /* miner_death.wav in Resources */,
				D3B9D5761CA9A6FA0094ED50 /* rat_death.mp3 in Resources */,
				D3825D041CA6119400E01BB1 /* whip.wav in Resources */,
				D3825D001CA60EFC00E01BB1 /* heart.wav in Resources */,
				D3825CED1CA5A78A00E01BB1 /* LaunchScreen.storyboard in Resources */,
				D3825CF91CA60ED000E01BB1 /* cave-music.mp3 in Resources */,
				D3825CEA1CA5A78A00E01BB1 /* Assets.xcassets in Resources */,
				D3825CE81CA5A78A00E01BB1 /* Main.storyboard in Resources */,
			);
			runOnlyForDeploymentPostprocessing = 0;
		};
/* End PBXResourcesBuildPhase section */

/* Begin PBXSourcesBuildPhase section */
		D3825CDB1CA5A78A00E01BB1 /* Sources */ = {
			isa = PBXSourcesBuildPhase;
			buildActionMask = 2147483647;
			files = (
				D3825D061CA6193300E01BB1 /* GameViewController.swift in Sources */,
				D3825CE51CA5A78A00E01BB1 /* ViewController.swift in Sources */,
				D3825CF71CA5BB1400E01BB1 /* PetImage.swift in Sources */,
				D3825CF51CA5B65600E01BB1 /* DraggableImage.swift in Sources */,
				D3825CE31CA5A78A00E01BB1 /* AppDelegate.swift in Sources */,
			);
			runOnlyForDeploymentPostprocessing = 0;
		};
/* End PBXSourcesBuildPhase section */

/* Begin PBXVariantGroup section */
		D3825CE61CA5A78A00E01BB1 /* Main.storyboard */ = {
			isa = PBXVariantGroup;
			children = (
				D3825CE71CA5A78A00E01BB1 /* Base */,
			);
			name = Main.storyboard;
			sourceTree = "<group>";
		};
		D3825CEB1CA5A78A00E01BB1 /* LaunchScreen.storyboard */ = {
			isa = PBXVariantGroup;
			children = (
				D3825CEC1CA5A78A00E01BB1 /* Base */,
			);
			name = LaunchScreen.storyboard;
			sourceTree = "<group>";
		};
/* End PBXVariantGroup section */

/* Begin XCBuildConfiguration section */
		D3825CEF1CA5A78A00E01BB1 /* Debug */ = {
			isa = XCBuildConfiguration;
			buildSettings = {
				ALWAYS_SEARCH_USER_PATHS = NO;
				CLANG_ANALYZER_NONNULL = YES;
				CLANG_CXX_LANGUAGE_STANDARD = "gnu++0x";
				CLANG_CXX_LIBRARY = "libc++";
				CLANG_ENABLE_MODULES = YES;
				CLANG_ENABLE_OBJC_ARC = YES;
				CLANG_WARN_BOOL_CONVERSION = YES;
				CLANG_WARN_CONSTANT_CONVERSION = YES;
				CLANG_WARN_DIRECT_OBJC_ISA_USAGE = YES_ERROR;
				CLANG_WARN_EMPTY_BODY = YES;
				CLANG_WARN_ENUM_CONVERSION = YES;
				CLANG_WARN_INT_CONVERSION = YES;
				CLANG_WARN_OBJC_ROOT_CLASS = YES_ERROR;
				CLANG_WARN_UNREACHABLE_CODE = YES;
				CLANG_WARN__DUPLICATE_METHOD_MATCH = YES;
				"CODE_SIGN_IDENTITY[sdk=iphoneos*]" = "iPhone Developer";
				COPY_PHASE_STRIP = NO;
				DEBUG_INFORMATION_FORMAT = dwarf;
				ENABLE_STRICT_OBJC_MSGSEND = YES;
				ENABLE_TESTABILITY = YES;
				GCC_C_LANGUAGE_STANDARD = gnu99;
				GCC_DYNAMIC_NO_PIC = NO;
				GCC_NO_COMMON_BLOCKS = YES;
				GCC_OPTIMIZATION_LEVEL = 0;
				GCC_PREPROCESSOR_DEFINITIONS = (
					"DEBUG=1",
					"$(inherited)",
				);
				GCC_WARN_64_TO_32_BIT_CONVERSION = YES;
				GCC_WARN_ABOUT_RETURN_TYPE = YES_ERROR;
				GCC_WARN_UNDECLARED_SELECTOR = YES;
				GCC_WARN_UNINITIALIZED_AUTOS = YES_AGGRESSIVE;
				GCC_WARN_UNUSED_FUNCTION = YES;
				GCC_WARN_UNUSED_VARIABLE = YES;
				IPHONEOS_DEPLOYMENT_TARGET = 9.3;
				MTL_ENABLE_DEBUG_INFO = YES;
				ONLY_ACTIVE_ARCH = YES;
				SDKROOT = iphoneos;
				SWIFT_OPTIMIZATION_LEVEL = "-Onone";
			};
			name = Debug;
		};
		D3825CF01CA5A78A00E01BB1 /* Release */ = {
			isa = XCBuildConfiguration;
			buildSettings = {
				ALWAYS_SEARCH_USER_PATHS = NO;
				CLANG_ANALYZER_NONNULL = YES;
				CLANG_CXX_LANGUAGE_STANDARD = "gnu++0x";
				CLANG_CXX_LIBRARY = "libc++";
				CLANG_ENABLE_MODULES = YES;
				CLANG_ENABLE_OBJC_ARC = YES;
				CLANG_WARN_BOOL_CONVERSION = YES;
				CLANG_WARN_CONSTANT_CONVERSION = YES;
				CLANG_WARN_DIRECT_OBJC_ISA_USAGE = YES_ERROR;
				CLANG_WARN_EMPTY_BODY = YES;
				CLANG_WARN_ENUM_CONVERSION = YES;
				CLANG_WARN_INT_CONVERSION = YES;
				CLANG_WARN_OBJC_ROOT_CLASS = YES_ERROR;
				CLANG_WARN_UNREACHABLE_CODE = YES;
				CLANG_WARN__DUPLICATE_METHOD_MATCH = YES;
				"CODE_SIGN_IDENTITY[sdk=iphoneos*]" = "iPhone Developer";
				COPY_PHASE_STRIP = NO;
				DEBUG_INFORMATION_FORMAT = "dwarf-with-dsym";
				ENABLE_NS_ASSERTIONS = NO;
				ENABLE_STRICT_OBJC_MSGSEND = YES;
				GCC_C_LANGUAGE_STANDARD = gnu99;
				GCC_NO_COMMON_BLOCKS = YES;
				GCC_WARN_64_TO_32_BIT_CONVERSION = YES;
				GCC_WARN_ABOUT_RETURN_TYPE = YES_ERROR;
				GCC_WARN_UNDECLARED_SELECTOR = YES;
				GCC_WARN_UNINITIALIZED_AUTOS = YES_AGGRESSIVE;
				GCC_WARN_UNUSED_FUNCTION = YES;
				GCC_WARN_UNUSED_VARIABLE = YES;
				IPHONEOS_DEPLOYMENT_TARGET = 9.3;
				MTL_ENABLE_DEBUG_INFO = NO;
				SDKROOT = iphoneos;
				VALIDATE_PRODUCT = YES;
			};
			name = Release;
		};
		D3825CF21CA5A78A00E01BB1 /* Debug */ = {
			isa = XCBuildConfiguration;
			buildSettings = {
				ASSETCATALOG_COMPILER_APPICON_NAME = AppIcon;
				INFOPLIST_FILE = GigaPet/Info.plist;
				LD_RUNPATH_SEARCH_PATHS = "$(inherited) @executable_path/Frameworks";
				PRODUCT_BUNDLE_IDENTIFIER = net.wlmiii.GigaPet;
				PRODUCT_NAME = "$(TARGET_NAME)";
			};
			name = Debug;
		};
		D3825CF31CA5A78A00E01BB1 /* Release */ = {
			isa = XCBuildConfiguration;
			buildSettings = {
				ASSETCATALOG_COMPILER_APPICON_NAME = AppIcon;
				INFOPLIST_FILE = GigaPet/Info.plist;
				LD_RUNPATH_SEARCH_PATHS = "$(inherited) @executable_path/Frameworks";
				PRODUCT_BUNDLE_IDENTIFIER = net.wlmiii.GigaPet;
				PRODUCT_NAME = "$(TARGET_NAME)";
			};
			name = Release;
		};
/* End XCBuildConfiguration section */

/* Begin XCConfigurationList section */
		D3825CDA1CA5A78A00E01BB1 /* Build configuration list for PBXProject "GigaPet" */ = {
			isa = XCConfigurationList;
			buildConfigurations = (
				D3825CEF1CA5A78A00E01BB1 /* Debug */,
				D3825CF01CA5A78A00E01BB1 /* Release */,
			);
			defaultConfigurationIsVisible = 0;
			defaultConfigurationName = Release;
		};
		D3825CF11CA5A78A00E01BB1 /* Build configuration list for PBXNativeTarget "GigaPet" */ = {
			isa = XCConfigurationList;
			buildConfigurations = (
				D3825CF21CA5A78A00E01BB1 /* Debug */,
				D3825CF31CA5A78A00E01BB1 /* Release */,
			);
			defaultConfigurationIsVisible = 0;
			defaultConfigurationName = Release;
		};
/* End XCConfigurationList section */
	};
	rootObject = D3825CD71CA5A78A00E01BB1 /* Project object */;
}
